
Microsoft Visual Studio Solution File, Format Version 12.00
# Visual Studio Version 16
VisualStudioVersion = 16.0.31729.503
MinimumVisualStudioVersion = 10.0.40219.1
Project("{9A19103F-16F7-4668-BE54-9A1E7A4F7556}") = "Tazeez", "Tazeez.csproj", "{D2913CE4-5619-4467-ADAA-31622B7FCBC7}"
EndProject
Project("{9A19103F-16F7-4668-BE54-9A1E7A4F7556}") = "Tazeez.DB.Models", "..\Tazeez.DB.Models\Tazeez.DB.Models.csproj", "{94DA2401-174C-4300-8E6B-109DED43CA3A}"
EndProject
Project("{9A19103F-16F7-4668-BE54-9A1E7A4F7556}") = "Tazeez.ModelViews", "..\Tazeez.ModelViews\Tazeez.ModelViews.csproj", "{ED6D7C6E-6C47-49E4-B2AF-CE649634C66D}"
EndProject
Project("{9A19103F-16F7-4668-BE54-9A1E7A4F7556}") = "Tazeez.Core", "..\Tazeez.Core\Tazeez.Core.csproj", "{18D85642-DAEB-451F-A6CF-58982082EF28}"
EndProject
Project("{FAE04EC0-301F-11D3-BF4B-00C04F79EFBC}") = "Tazeez.Infrastructure", "..\Tazeez.Infrastructure\Tazeez.Infrastructure.csproj", "{4AF04BE4-FD6A-4A08-8BD1-FC05B5608ADC}"
EndProject
Project("{FAE04EC0-301F-11D3-BF4B-00C04F79EFBC}") = "Tazeez.Common", "..\Tazeez.Common\Tazeez.Common.csproj", "{6205F7B1-6BF4-4F3A-91EF-8B6D47477C03}"
EndProject
Global
	GlobalSection(SolutionConfigurationPlatforms) = preSolution
		Debug|Any CPU = Debug|Any CPU
		Release|Any CPU = Release|Any CPU
	EndGlobalSection
	GlobalSection(ProjectConfigurationPlatforms) = postSolution
		{D2913CE4-5619-4467-ADAA-31622B7FCBC7}.Debug|Any CPU.ActiveCfg = Debug|Any CPU
		{D2913CE4-5619-4467-ADAA-31622B7FCBC7}.Debug|Any CPU.Build.0 = Debug|Any CPU
		{D2913CE4-5619-4467-ADAA-31622B7FCBC7}.Release|Any CPU.ActiveCfg = Release|Any CPU
		{D2913CE4-5619-4467-ADAA-31622B7FCBC7}.Release|Any CPU.Build.0 = Release|Any CPU
		{94DA2401-174C-4300-8E6B-109DED43CA3A}.Debug|Any CPU.ActiveCfg = Debug|Any CPU
		{94DA2401-174C-4300-8E6B-109DED43CA3A}.Debug|Any CPU.Build.0 = Debug|Any CPU
		{94DA2401-174C-4300-8E6B-109DED43CA3A}.Release|Any CPU.ActiveCfg = Release|Any CPU
		{94DA2401-174C-4300-8E6B-109DED43CA3A}.Release|Any CPU.Build.0 = Release|Any CPU
		{ED6D7C6E-6C47-49E4-B2AF-CE649634C66D}.Debug|Any CPU.ActiveCfg = Debug|Any CPU
		{ED6D7C6E-6C47-49E4-B2AF-CE649634C66D}.Debug|Any CPU.Build.0 = Debug|Any CPU
		{ED6D7C6E-6C47-49E4-B2AF-CE649634C66D}.Release|Any CPU.ActiveCfg = Release|Any CPU
		{ED6D7C6E-6C47-49E4-B2AF-CE649634C66D}.Release|Any CPU.Build.0 = Release|Any CPU
		{18D85642-DAEB-451F-A6CF-58982082EF28}.Debug|Any CPU.ActiveCfg = Debug|Any CPU
		{18D85642-DAEB-451F-A6CF-58982082EF28}.Debug|Any CPU.Build.0 = Debug|Any CPU
		{18D85642-DAEB-451F-A6CF-58982082EF28}.Release|Any CPU.ActiveCfg = Release|Any CPU
		{18D85642-DAEB-451F-A6CF-58982082EF28}.Release|Any CPU.Build.0 = Release|Any CPU
		{4AF04BE4-FD6A-4A08-8BD1-FC05B5608ADC}.Debug|Any CPU.ActiveCfg = Debug|Any CPU
		{4AF04BE4-FD6A-4A08-8BD1-FC05B5608ADC}.Debug|Any CPU.Build.0 = Debug|Any CPU
		{4AF04BE4-FD6A-4A08-8BD1-FC05B5608ADC}.Release|Any CPU.ActiveCfg = Release|Any CPU
		{4AF04BE4-FD6A-4A08-8BD1-FC05B5608ADC}.Release|Any CPU.Build.0 = Release|Any CPU
		{6205F7B1-6BF4-4F3A-91EF-8B6D47477C03}.Debug|Any CPU.ActiveCfg = Debug|Any CPU
		{6205F7B1-6BF4-4F3A-91EF-8B6D47477C03}.Debug|Any CPU.Build.0 = Debug|Any CPU
		{6205F7B1-6BF4-4F3A-91EF-8B6D47477C03}.Release|Any CPU.ActiveCfg = Release|Any CPU
		{6205F7B1-6BF4-4F3A-91EF-8B6D47477C03}.Release|Any CPU.Build.0 = Release|Any CPU
	EndGlobalSection
	GlobalSection(SolutionProperties) = preSolution
		HideSolutionNode = FALSE
	EndGlobalSection
	GlobalSection(ExtensibilityGlobals) = postSolution
		SolutionGuid = {1E1918D0-800E-4D40-B94B-02750EDB659A}
	EndGlobalSection
EndGlobal
